
Microsoft Visual Studio Solution File, Format Version 12.00
# Visual Studio Version 17
VisualStudioVersion = 17.0.31903.59
MinimumVisualStudioVersion = 10.0.40219.1
Project("{2150E333-8FDC-42A3-9474-1A3956D46DE8}") = "src", "src", "{95DC403B-9F7C-4E73-97A0-8A2F63DEA97D}"
EndProject
Project("{FAE04EC0-301F-11D3-BF4B-00C04F79EFBC}") = "Cats.Main", "src\Cats.Main\Cats.Main.csproj", "{C285A9AD-B92A-4A29-9F7D-6C7C0355D8A0}"
EndProject
Global
	GlobalSection(SolutionConfigurationPlatforms) = preSolution
		Debug|Any CPU = Debug|Any CPU
		Release|Any CPU = Release|Any CPU
	EndGlobalSection
	GlobalSection(SolutionProperties) = preSolution
		HideSolutionNode = FALSE
	EndGlobalSection
	GlobalSection(ProjectConfigurationPlatforms) = postSolution
		{C285A9AD-B92A-4A29-9F7D-6C7C0355D8A0}.Debug|Any CPU.ActiveCfg = Debug|Any CPU
		{C285A9AD-B92A-4A29-9F7D-6C7C0355D8A0}.Debug|Any CPU.Build.0 = Debug|Any CPU
		{C285A9AD-B92A-4A29-9F7D-6C7C0355D8A0}.Release|Any CPU.ActiveCfg = Release|Any CPU
		{C285A9AD-B92A-4A29-9F7D-6C7C0355D8A0}.Release|Any CPU.Build.0 = Release|Any CPU
	EndGlobalSection
	GlobalSection(NestedProjects) = preSolution
		{95DC403B-9F7C-4E73-97A0-8A2F63DEA97D} = {95DC403B-9F7C-4E73-97A0-8A2F63DEA97D}
		{C285A9AD-B92A-4A29-9F7D-6C7C0355D8A0} = {95DC403B-9F7C-4E73-97A0-8A2F63DEA97D}
	EndGlobalSection
EndGlobal
